
Microsoft Visual Studio Solution File, Format Version 12.00
# Visual Studio Version 17
VisualStudioVersion = 17.7.34031.279
MinimumVisualStudioVersion = 10.0.40219.1
Project("{FAE04EC0-301F-11D3-BF4B-00C04F79EFBC}") = "FolderMonitor", "FolderMonitor\FolderMonitor.csproj", "{01FBF0FB-DD9A-4E53-855F-ADB67E5406DD}"
EndProject
Project("{FAE04EC0-301F-11D3-BF4B-00C04F79EFBC}") = "FolderMonitorTest", "FolderMonitorTest\FolderMonitorTest.csproj", "{B823137E-B388-4A56-98CB-373506F31632}"
EndProject
Global
	GlobalSection(SolutionConfigurationPlatforms) = preSolution
		Debug|Any CPU = Debug|Any CPU
		Release|Any CPU = Release|Any CPU
	EndGlobalSection
	GlobalSection(ProjectConfigurationPlatforms) = postSolution
		{01FBF0FB-DD9A-4E53-855F-ADB67E5406DD}.Debug|Any CPU.ActiveCfg = Debug|Any CPU
		{01FBF0FB-DD9A-4E53-855F-ADB67E5406DD}.Debug|Any CPU.Build.0 = Debug|Any CPU
		{01FBF0FB-DD9A-4E53-855F-ADB67E5406DD}.Release|Any CPU.ActiveCfg = Release|Any CPU
		{01FBF0FB-DD9A-4E53-855F-ADB67E5406DD}.Release|Any CPU.Build.0 = Release|Any CPU
		{B823137E-B388-4A56-98CB-373506F31632}.Debug|Any CPU.ActiveCfg = Debug|Any CPU
		{B823137E-B388-4A56-98CB-373506F31632}.Debug|Any CPU.Build.0 = Debug|Any CPU
		{B823137E-B388-4A56-98CB-373506F31632}.Release|Any CPU.ActiveCfg = Release|Any CPU
		{B823137E-B388-4A56-98CB-373506F31632}.Release|Any CPU.Build.0 = Release|Any CPU
	EndGlobalSection
	GlobalSection(SolutionProperties) = preSolution
		HideSolutionNode = FALSE
	EndGlobalSection
	GlobalSection(ExtensibilityGlobals) = postSolution
		SolutionGuid = {109E1D9D-A163-451B-91EA-FA4A9A12167B}
	EndGlobalSection
EndGlobal
